
Microsoft Visual Studio Solution File, Format Version 12.00
# Visual Studio Version 17
VisualStudioVersion = 17.5.33502.453
MinimumVisualStudioVersion = 10.0.40219.1
Project("{FAE04EC0-301F-11D3-BF4B-00C04F79EFBC}") = "bytebank_ADM", "bytebank_ADM\bytebank_ADM.csproj", "{43C934CE-B704-495F-8856-EFAAB79A5AB9}"
EndProject
Global
	GlobalSection(SolutionConfigurationPlatforms) = preSolution
		Debug|Any CPU = Debug|Any CPU
		Release|Any CPU = Release|Any CPU
	EndGlobalSection
	GlobalSection(ProjectConfigurationPlatforms) = postSolution
		{43C934CE-B704-495F-8856-EFAAB79A5AB9}.Debug|Any CPU.ActiveCfg = Debug|Any CPU
		{43C934CE-B704-495F-8856-EFAAB79A5AB9}.Debug|Any CPU.Build.0 = Debug|Any CPU
		{43C934CE-B704-495F-8856-EFAAB79A5AB9}.Release|Any CPU.ActiveCfg = Release|Any CPU
		{43C934CE-B704-495F-8856-EFAAB79A5AB9}.Release|Any CPU.Build.0 = Release|Any CPU
	EndGlobalSection
	GlobalSection(SolutionProperties) = preSolution
		HideSolutionNode = FALSE
	EndGlobalSection
	GlobalSection(ExtensibilityGlobals) = postSolution
		SolutionGuid = {E288B47A-B1E2-4E9C-B950-723AF88B2B1A}
	EndGlobalSection
EndGlobal
